
Microsoft Visual Studio Solution File, Format Version 12.00
# Visual Studio Version 16
VisualStudioVersion = 16.0.29806.167
MinimumVisualStudioVersion = 10.0.40219.1
Project("{9A19103F-16F7-4668-BE54-9A1E7A4F7556}") = "ConverterService.ApplicationServices", "Converter.ApplicationServices\ConverterService.ApplicationServices.csproj", "{7597DF88-48A3-4B68-9F4F-861673B13702}"
EndProject
Project("{9A19103F-16F7-4668-BE54-9A1E7A4F7556}") = "ConverterService.UnitTests", "Converter.UnitTests\ConverterService.UnitTests.csproj", "{B5E6E26F-F5C6-4376-99DA-18932EEA5EBD}"
EndProject
Project("{9A19103F-16F7-4668-BE54-9A1E7A4F7556}") = "ConverterService.Api", "ConverterService.Api\ConverterService.Api.csproj", "{FFFAAD3E-1E2C-4A1C-ACE2-6DF8CE70C777}"
EndProject
Global
	GlobalSection(SolutionConfigurationPlatforms) = preSolution
		Debug|Any CPU = Debug|Any CPU
		Release|Any CPU = Release|Any CPU
	EndGlobalSection
	GlobalSection(ProjectConfigurationPlatforms) = postSolution
		{7597DF88-48A3-4B68-9F4F-861673B13702}.Debug|Any CPU.ActiveCfg = Debug|Any CPU
		{7597DF88-48A3-4B68-9F4F-861673B13702}.Debug|Any CPU.Build.0 = Debug|Any CPU
		{7597DF88-48A3-4B68-9F4F-861673B13702}.Release|Any CPU.ActiveCfg = Release|Any CPU
		{7597DF88-48A3-4B68-9F4F-861673B13702}.Release|Any CPU.Build.0 = Release|Any CPU
		{B5E6E26F-F5C6-4376-99DA-18932EEA5EBD}.Debug|Any CPU.ActiveCfg = Debug|Any CPU
		{B5E6E26F-F5C6-4376-99DA-18932EEA5EBD}.Debug|Any CPU.Build.0 = Debug|Any CPU
		{B5E6E26F-F5C6-4376-99DA-18932EEA5EBD}.Release|Any CPU.ActiveCfg = Release|Any CPU
		{B5E6E26F-F5C6-4376-99DA-18932EEA5EBD}.Release|Any CPU.Build.0 = Release|Any CPU
		{FFFAAD3E-1E2C-4A1C-ACE2-6DF8CE70C777}.Debug|Any CPU.ActiveCfg = Debug|Any CPU
		{FFFAAD3E-1E2C-4A1C-ACE2-6DF8CE70C777}.Debug|Any CPU.Build.0 = Debug|Any CPU
		{FFFAAD3E-1E2C-4A1C-ACE2-6DF8CE70C777}.Release|Any CPU.ActiveCfg = Release|Any CPU
		{FFFAAD3E-1E2C-4A1C-ACE2-6DF8CE70C777}.Release|Any CPU.Build.0 = Release|Any CPU
	EndGlobalSection
	GlobalSection(SolutionProperties) = preSolution
		HideSolutionNode = FALSE
	EndGlobalSection
	GlobalSection(ExtensibilityGlobals) = postSolution
		SolutionGuid = {0169D060-BCC2-4AC1-ACDA-48D3E07AD69D}
	EndGlobalSection
EndGlobal
